
Microsoft Visual Studio Solution File, Format Version 12.00
# Visual Studio Version 16
VisualStudioVersion = 16.0.31129.286
MinimumVisualStudioVersion = 10.0.40219.1
Project("{FAE04EC0-301F-11D3-BF4B-00C04F79EFBC}") = "homersekletKalkulator", "homersekletKalkulator\homersekletKalkulator.csproj", "{FF19A057-009B-441B-A9D7-23894D753D8B}"
EndProject
Global
	GlobalSection(SolutionConfigurationPlatforms) = preSolution
		Debug|Any CPU = Debug|Any CPU
		Release|Any CPU = Release|Any CPU
	EndGlobalSection
	GlobalSection(ProjectConfigurationPlatforms) = postSolution
		{FF19A057-009B-441B-A9D7-23894D753D8B}.Debug|Any CPU.ActiveCfg = Debug|Any CPU
		{FF19A057-009B-441B-A9D7-23894D753D8B}.Debug|Any CPU.Build.0 = Debug|Any CPU
		{FF19A057-009B-441B-A9D7-23894D753D8B}.Release|Any CPU.ActiveCfg = Release|Any CPU
		{FF19A057-009B-441B-A9D7-23894D753D8B}.Release|Any CPU.Build.0 = Release|Any CPU
	EndGlobalSection
	GlobalSection(SolutionProperties) = preSolution
		HideSolutionNode = FALSE
	EndGlobalSection
	GlobalSection(ExtensibilityGlobals) = postSolution
		SolutionGuid = {F84886E3-6D09-4AAF-8176-059F268BB8BE}
	EndGlobalSection
EndGlobal
